// !$*UTF8*$!
{
	archiveVersion = 1;
	classes = {
	};
	objectVersion = 46;
	objects = {

/* Begin PBXBuildFile section */
		97273CD01CDE087900B0A5E4 /* FNSMultipleRSSRecieverImplementation.m in Sources */ = {isa = PBXBuildFile; fileRef = 97273CCB1CDE087900B0A5E4 /* FNSMultipleRSSRecieverImplementation.m */; };
		97273CD11CDE087900B0A5E4 /* FNSRSSRecieverImplementation.m in Sources */ = {isa = PBXBuildFile; fileRef = 97273CCF1CDE087900B0A5E4 /* FNSRSSRecieverImplementation.m */; };
		97273CD71CDE088B00B0A5E4 /* FNSMultipleRSSRecieverTests.m in Sources */ = {isa = PBXBuildFile; fileRef = 97273CD41CDE088B00B0A5E4 /* FNSMultipleRSSRecieverTests.m */; };
		97273CD81CDE088B00B0A5E4 /* FNSRSSRecieverTests.m in Sources */ = {isa = PBXBuildFile; fileRef = 97273CD61CDE088B00B0A5E4 /* FNSRSSRecieverTests.m */; };
		97273CE31CDE08DA00B0A5E4 /* FNSNewsObject.m in Sources */ = {isa = PBXBuildFile; fileRef = 97273CE21CDE08DA00B0A5E4 /* FNSNewsObject.m */; };
		9743C9F31CDC96CF00FA8D9A /* main.m in Sources */ = {isa = PBXBuildFile; fileRef = 9743C9F21CDC96CF00FA8D9A /* main.m */; };
		9743C9F61CDC96CF00FA8D9A /* AppDelegate.m in Sources */ = {isa = PBXBuildFile; fileRef = 9743C9F51CDC96CF00FA8D9A /* AppDelegate.m */; };
		9743C9F91CDC96CF00FA8D9A /* ViewController.m in Sources */ = {isa = PBXBuildFile; fileRef = 9743C9F81CDC96CF00FA8D9A /* ViewController.m */; };
		9743C9FC1CDC96CF00FA8D9A /* Main.storyboard in Resources */ = {isa = PBXBuildFile; fileRef = 9743C9FA1CDC96CF00FA8D9A /* Main.storyboard */; };
		9743C9FE1CDC96CF00FA8D9A /* Assets.xcassets in Resources */ = {isa = PBXBuildFile; fileRef = 9743C9FD1CDC96CF00FA8D9A /* Assets.xcassets */; };
		9743CA011CDC96CF00FA8D9A /* LaunchScreen.storyboard in Resources */ = {isa = PBXBuildFile; fileRef = 9743C9FF1CDC96CF00FA8D9A /* LaunchScreen.storyboard */; };
		9743CA171CDC96D000FA8D9A /* FastNewsUITests.m in Sources */ = {isa = PBXBuildFile; fileRef = 9743CA161CDC96D000FA8D9A /* FastNewsUITests.m */; };
		97D00F7F1CDE229000B5372A /* FNSMapperBNItemsToManagedObject.m in Sources */ = {isa = PBXBuildFile; fileRef = 97D00F7E1CDE229000B5372A /* FNSMapperBNItemsToManagedObject.m */; };
		97D00F821CDE22A600B5372A /* FNSMapperManagedObjectToNewsObject.m in Sources */ = {isa = PBXBuildFile; fileRef = 97D00F811CDE22A600B5372A /* FNSMapperManagedObjectToNewsObject.m */; };
		97D00F851CDE22B900B5372A /* FNSMapperArrayObjects.m in Sources */ = {isa = PBXBuildFile; fileRef = 97D00F841CDE22B900B5372A /* FNSMapperArrayObjects.m */; };
		97D00F901CDE25A600B5372A /* FNSMapperManagedObjectToNewsObjectTests.m in Sources */ = {isa = PBXBuildFile; fileRef = 97D00F8F1CDE25A600B5372A /* FNSMapperManagedObjectToNewsObjectTests.m */; };
		97D00F941CDE25C700B5372A /* FNSMapperBNItemsToManagedObjectTests.m in Sources */ = {isa = PBXBuildFile; fileRef = 97D00F931CDE25C700B5372A /* FNSMapperBNItemsToManagedObjectTests.m */; };
		97D00F9C1CDE315800B5372A /* FNSModel.xcdatamodeld in Sources */ = {isa = PBXBuildFile; fileRef = 97D00F9A1CDE315800B5372A /* FNSModel.xcdatamodeld */; };
		97D00FA21CDE31BF00B5372A /* FNSNewsItemManagedObject+CoreDataProperties.m in Sources */ = {isa = PBXBuildFile; fileRef = 97D00F9F1CDE31BF00B5372A /* FNSNewsItemManagedObject+CoreDataProperties.m */; };
		97D00FA31CDE31BF00B5372A /* FNSNewsItemManagedObject.m in Sources */ = {isa = PBXBuildFile; fileRef = 97D00FA11CDE31BF00B5372A /* FNSNewsItemManagedObject.m */; };
		97D00FA71CDE3A0300B5372A /* FNSMapperArrayTests.m in Sources */ = {isa = PBXBuildFile; fileRef = 97D00FA61CDE3A0300B5372A /* FNSMapperArrayTests.m */; };
		97D00FAD1CDF0C3A00B5372A /* FNSNewsServiceImplementation.m in Sources */ = {isa = PBXBuildFile; fileRef = 97D00FAC1CDF0C3A00B5372A /* FNSNewsServiceImplementation.m */; };
		97D00FB11CDF186700B5372A /* FNSNewsServiceTests.m in Sources */ = {isa = PBXBuildFile; fileRef = 97D00FB01CDF186700B5372A /* FNSNewsServiceTests.m */; };
		97E4DC3B1CDF571900E4683E /* FNSDateFormatterImplementation.m in Sources */ = {isa = PBXBuildFile; fileRef = 97E4DC3A1CDF571900E4683E /* FNSDateFormatterImplementation.m */; };
		97E4DC3E1CDF583100E4683E /* FNSDateFormatterTests.m in Sources */ = {isa = PBXBuildFile; fileRef = 97E4DC3D1CDF583100E4683E /* FNSDateFormatterTests.m */; };
		97E4DC431CDF5B6E00E4683E /* FNSSourcesListImplementation.m in Sources */ = {isa = PBXBuildFile; fileRef = 97E4DC421CDF5B6E00E4683E /* FNSSourcesListImplementation.m */; };
		97E4DC461CDF5CB000E4683E /* FNSSourcesListTests.m in Sources */ = {isa = PBXBuildFile; fileRef = 97E4DC451CDF5CB000E4683E /* FNSSourcesListTests.m */; };
		97E4DC491CDF608900E4683E /* FNSReachabilityTests.m in Sources */ = {isa = PBXBuildFile; fileRef = 97E4DC481CDF608900E4683E /* FNSReachabilityTests.m */; };
		97E4DC4E1CDF60C900E4683E /* FNSReachabilityImplementation.m in Sources */ = {isa = PBXBuildFile; fileRef = 97E4DC4D1CDF60C900E4683E /* FNSReachabilityImplementation.m */; };
		97E4DC5F1CDF859400E4683E /* FNSNewsListPresenterTests.m in Sources */ = {isa = PBXBuildFile; fileRef = 97E4DC5E1CDF859400E4683E /* FNSNewsListPresenterTests.m */; };
		97E4DC611CDF85A500E4683E /* FNSNewsListInteractorTests.m in Sources */ = {isa = PBXBuildFile; fileRef = 97E4DC601CDF85A500E4683E /* FNSNewsListInteractorTests.m */; };
		97E4DC631CDF85C400E4683E /* FNSNewsListRouterTests.m in Sources */ = {isa = PBXBuildFile; fileRef = 97E4DC621CDF85C400E4683E /* FNSNewsListRouterTests.m */; };
		97E4DC661CDF861400E4683E /* FNSNewsListViewControllerTests.m in Sources */ = {isa = PBXBuildFile; fileRef = 97E4DC651CDF861400E4683E /* FNSNewsListViewControllerTests.m */; };
		97E4DC681CDF862800E4683E /* FNSNewsDetailViewControllerTests.m in Sources */ = {isa = PBXBuildFile; fileRef = 97E4DC671CDF862800E4683E /* FNSNewsDetailViewControllerTests.m */; };
		97E4DC6C1CDF864600E4683E /* FNSNewsDetailInteractorTests.m in Sources */ = {isa = PBXBuildFile; fileRef = 97E4DC6B1CDF864600E4683E /* FNSNewsDetailInteractorTests.m */; };
		97E4DC6E1CDF865400E4683E /* FNSNewsDetailPresenterTests.m in Sources */ = {isa = PBXBuildFile; fileRef = 97E4DC6D1CDF865400E4683E /* FNSNewsDetailPresenterTests.m */; };
		97E4DC711CDF867600E4683E /* FNSNewsDetailPresenter.m in Sources */ = {isa = PBXBuildFile; fileRef = 97E4DC701CDF867600E4683E /* FNSNewsDetailPresenter.m */; };
		97E4DC741CDF86C500E4683E /* FNSNewsDetailInteractor.m in Sources */ = {isa = PBXBuildFile; fileRef = 97E4DC731CDF86C500E4683E /* FNSNewsDetailInteractor.m */; };
		97E4DC771CDF86D800E4683E /* FNSNewsListRouter.m in Sources */ = {isa = PBXBuildFile; fileRef = 97E4DC761CDF86D800E4683E /* FNSNewsListRouter.m */; };
		97E4DC7A1CDF86FB00E4683E /* FNSNewsDetailViewController.m in Sources */ = {isa = PBXBuildFile; fileRef = 97E4DC791CDF86FB00E4683E /* FNSNewsDetailViewController.m */; };
		97E4DC7D1CDF870D00E4683E /* FNSNewsListPresenter.m in Sources */ = {isa = PBXBuildFile; fileRef = 97E4DC7C1CDF870D00E4683E /* FNSNewsListPresenter.m */; };
		97E4DC801CDF871B00E4683E /* FNSNewsListInteractor.m in Sources */ = {isa = PBXBuildFile; fileRef = 97E4DC7F1CDF871B00E4683E /* FNSNewsListInteractor.m */; };
		97E4DC831CDF872A00E4683E /* FNSNewsListViewController.m in Sources */ = {isa = PBXBuildFile; fileRef = 97E4DC821CDF872A00E4683E /* FNSNewsListViewController.m */; };
		9B8FC3AEFF98CA189FDAF274 /* libPods.a in Frameworks */ = {isa = PBXBuildFile; fileRef = 500E0A3AC9D70A15E797E76F /* libPods.a */; };
		E0ECE39505369FC4A971DE18 /* libPods-FastNewsTests.a in Frameworks */ = {isa = PBXBuildFile; fileRef = 806EF3C1FFBD7BD2EA1C5E95 /* libPods-FastNewsTests.a */; };
/* End PBXBuildFile section */

/* Begin PBXContainerItemProxy section */
		9743CA081CDC96D000FA8D9A /* PBXContainerItemProxy */ = {
			isa = PBXContainerItemProxy;
			containerPortal = 9743C9E61CDC96CF00FA8D9A /* Project object */;
			proxyType = 1;
			remoteGlobalIDString = 9743C9ED1CDC96CF00FA8D9A;
			remoteInfo = FastNews;
		};
		9743CA131CDC96D000FA8D9A /* PBXContainerItemProxy */ = {
			isa = PBXContainerItemProxy;
			containerPortal = 9743C9E61CDC96CF00FA8D9A /* Project object */;
			proxyType = 1;
			remoteGlobalIDString = 9743C9ED1CDC96CF00FA8D9A;
			remoteInfo = FastNews;
		};
/* End PBXContainerItemProxy section */

/* Begin PBXFileReference section */
		500E0A3AC9D70A15E797E76F /* libPods.a */ = {isa = PBXFileReference; explicitFileType = archive.ar; includeInIndex = 0; path = libPods.a; sourceTree = BUILT_PRODUCTS_DIR; };
		7081DDE8ECB40901812B471A /* Pods.debug.xcconfig */ = {isa = PBXFileReference; includeInIndex = 1; lastKnownFileType = text.xcconfig; name = Pods.debug.xcconfig; path = "Pods/Target Support Files/Pods/Pods.debug.xcconfig"; sourceTree = "<group>"; };
		806EF3C1FFBD7BD2EA1C5E95 /* libPods-FastNewsTests.a */ = {isa = PBXFileReference; explicitFileType = archive.ar; includeInIndex = 0; path = "libPods-FastNewsTests.a"; sourceTree = BUILT_PRODUCTS_DIR; };
		97273CC91CDE087900B0A5E4 /* FNSMultipleRSSReciever.h */ = {isa = PBXFileReference; fileEncoding = 4; lastKnownFileType = sourcecode.c.h; path = FNSMultipleRSSReciever.h; sourceTree = "<group>"; };
		97273CCA1CDE087900B0A5E4 /* FNSMultipleRSSRecieverImplementation.h */ = {isa = PBXFileReference; fileEncoding = 4; lastKnownFileType = sourcecode.c.h; path = FNSMultipleRSSRecieverImplementation.h; sourceTree = "<group>"; };
		97273CCB1CDE087900B0A5E4 /* FNSMultipleRSSRecieverImplementation.m */ = {isa = PBXFileReference; fileEncoding = 4; lastKnownFileType = sourcecode.c.objc; path = FNSMultipleRSSRecieverImplementation.m; sourceTree = "<group>"; };
		97273CCD1CDE087900B0A5E4 /* FNSRSSReciever.h */ = {isa = PBXFileReference; fileEncoding = 4; lastKnownFileType = sourcecode.c.h; path = FNSRSSReciever.h; sourceTree = "<group>"; };
		97273CCE1CDE087900B0A5E4 /* FNSRSSRecieverImplementation.h */ = {isa = PBXFileReference; fileEncoding = 4; lastKnownFileType = sourcecode.c.h; path = FNSRSSRecieverImplementation.h; sourceTree = "<group>"; };
		97273CCF1CDE087900B0A5E4 /* FNSRSSRecieverImplementation.m */ = {isa = PBXFileReference; fileEncoding = 4; lastKnownFileType = sourcecode.c.objc; path = FNSRSSRecieverImplementation.m; sourceTree = "<group>"; };
		97273CD41CDE088B00B0A5E4 /* FNSMultipleRSSRecieverTests.m */ = {isa = PBXFileReference; fileEncoding = 4; lastKnownFileType = sourcecode.c.objc; path = FNSMultipleRSSRecieverTests.m; sourceTree = "<group>"; };
		97273CD61CDE088B00B0A5E4 /* FNSRSSRecieverTests.m */ = {isa = PBXFileReference; fileEncoding = 4; lastKnownFileType = sourcecode.c.objc; path = FNSRSSRecieverTests.m; sourceTree = "<group>"; };
		97273CE11CDE08DA00B0A5E4 /* FNSNewsObject.h */ = {isa = PBXFileReference; fileEncoding = 4; lastKnownFileType = sourcecode.c.h; path = FNSNewsObject.h; sourceTree = "<group>"; };
		97273CE21CDE08DA00B0A5E4 /* FNSNewsObject.m */ = {isa = PBXFileReference; fileEncoding = 4; lastKnownFileType = sourcecode.c.objc; path = FNSNewsObject.m; sourceTree = "<group>"; };
		9743C9EE1CDC96CF00FA8D9A /* FastNews.app */ = {isa = PBXFileReference; explicitFileType = wrapper.application; includeInIndex = 0; path = FastNews.app; sourceTree = BUILT_PRODUCTS_DIR; };
		9743C9F21CDC96CF00FA8D9A /* main.m */ = {isa = PBXFileReference; lastKnownFileType = sourcecode.c.objc; path = main.m; sourceTree = "<group>"; };
		9743C9F41CDC96CF00FA8D9A /* AppDelegate.h */ = {isa = PBXFileReference; lastKnownFileType = sourcecode.c.h; path = AppDelegate.h; sourceTree = "<group>"; };
		9743C9F51CDC96CF00FA8D9A /* AppDelegate.m */ = {isa = PBXFileReference; lastKnownFileType = sourcecode.c.objc; path = AppDelegate.m; sourceTree = "<group>"; };
		9743C9F71CDC96CF00FA8D9A /* ViewController.h */ = {isa = PBXFileReference; lastKnownFileType = sourcecode.c.h; path = ViewController.h; sourceTree = "<group>"; };
		9743C9F81CDC96CF00FA8D9A /* ViewController.m */ = {isa = PBXFileReference; lastKnownFileType = sourcecode.c.objc; path = ViewController.m; sourceTree = "<group>"; };
		9743C9FB1CDC96CF00FA8D9A /* Base */ = {isa = PBXFileReference; lastKnownFileType = file.storyboard; name = Base; path = Base.lproj/Main.storyboard; sourceTree = "<group>"; };
		9743C9FD1CDC96CF00FA8D9A /* Assets.xcassets */ = {isa = PBXFileReference; lastKnownFileType = folder.assetcatalog; path = Assets.xcassets; sourceTree = "<group>"; };
		9743CA001CDC96CF00FA8D9A /* Base */ = {isa = PBXFileReference; lastKnownFileType = file.storyboard; name = Base; path = Base.lproj/LaunchScreen.storyboard; sourceTree = "<group>"; };
		9743CA021CDC96CF00FA8D9A /* Info.plist */ = {isa = PBXFileReference; lastKnownFileType = text.plist.xml; path = Info.plist; sourceTree = "<group>"; };
		9743CA071CDC96D000FA8D9A /* FastNewsTests.xctest */ = {isa = PBXFileReference; explicitFileType = wrapper.cfbundle; includeInIndex = 0; path = FastNewsTests.xctest; sourceTree = BUILT_PRODUCTS_DIR; };
		9743CA0D1CDC96D000FA8D9A /* Info.plist */ = {isa = PBXFileReference; lastKnownFileType = text.plist.xml; path = Info.plist; sourceTree = "<group>"; };
		9743CA121CDC96D000FA8D9A /* FastNewsUITests.xctest */ = {isa = PBXFileReference; explicitFileType = wrapper.cfbundle; includeInIndex = 0; path = FastNewsUITests.xctest; sourceTree = BUILT_PRODUCTS_DIR; };
		9743CA161CDC96D000FA8D9A /* FastNewsUITests.m */ = {isa = PBXFileReference; lastKnownFileType = sourcecode.c.objc; path = FastNewsUITests.m; sourceTree = "<group>"; };
		9743CA181CDC96D000FA8D9A /* Info.plist */ = {isa = PBXFileReference; lastKnownFileType = text.plist.xml; path = Info.plist; sourceTree = "<group>"; };
		97D00F791CDE21CF00B5372A /* FNSMapper.h */ = {isa = PBXFileReference; fileEncoding = 4; lastKnownFileType = sourcecode.c.h; path = FNSMapper.h; sourceTree = "<group>"; };
		97D00F7D1CDE229000B5372A /* FNSMapperBNItemsToManagedObject.h */ = {isa = PBXFileReference; fileEncoding = 4; lastKnownFileType = sourcecode.c.h; path = FNSMapperBNItemsToManagedObject.h; sourceTree = "<group>"; };
		97D00F7E1CDE229000B5372A /* FNSMapperBNItemsToManagedObject.m */ = {isa = PBXFileReference; fileEncoding = 4; lastKnownFileType = sourcecode.c.objc; path = FNSMapperBNItemsToManagedObject.m; sourceTree = "<group>"; };
		97D00F801CDE22A600B5372A /* FNSMapperManagedObjectToNewsObject.h */ = {isa = PBXFileReference; fileEncoding = 4; lastKnownFileType = sourcecode.c.h; path = FNSMapperManagedObjectToNewsObject.h; sourceTree = "<group>"; };
		97D00F811CDE22A600B5372A /* FNSMapperManagedObjectToNewsObject.m */ = {isa = PBXFileReference; fileEncoding = 4; lastKnownFileType = sourcecode.c.objc; path = FNSMapperManagedObjectToNewsObject.m; sourceTree = "<group>"; };
		97D00F831CDE22B900B5372A /* FNSMapperArrayObjects.h */ = {isa = PBXFileReference; fileEncoding = 4; lastKnownFileType = sourcecode.c.h; path = FNSMapperArrayObjects.h; sourceTree = "<group>"; };
		97D00F841CDE22B900B5372A /* FNSMapperArrayObjects.m */ = {isa = PBXFileReference; fileEncoding = 4; lastKnownFileType = sourcecode.c.objc; path = FNSMapperArrayObjects.m; sourceTree = "<group>"; };
		97D00F8F1CDE25A600B5372A /* FNSMapperManagedObjectToNewsObjectTests.m */ = {isa = PBXFileReference; fileEncoding = 4; lastKnownFileType = sourcecode.c.objc; path = FNSMapperManagedObjectToNewsObjectTests.m; sourceTree = "<group>"; };
		97D00F931CDE25C700B5372A /* FNSMapperBNItemsToManagedObjectTests.m */ = {isa = PBXFileReference; fileEncoding = 4; lastKnownFileType = sourcecode.c.objc; path = FNSMapperBNItemsToManagedObjectTests.m; sourceTree = "<group>"; };
		97D00F9B1CDE315800B5372A /* FNSModel.xcdatamodel */ = {isa = PBXFileReference; lastKnownFileType = wrapper.xcdatamodel; path = FNSModel.xcdatamodel; sourceTree = "<group>"; };
		97D00F9E1CDE31BF00B5372A /* FNSNewsItemManagedObject+CoreDataProperties.h */ = {isa = PBXFileReference; fileEncoding = 4; lastKnownFileType = sourcecode.c.h; path = "FNSNewsItemManagedObject+CoreDataProperties.h"; sourceTree = "<group>"; };
		97D00F9F1CDE31BF00B5372A /* FNSNewsItemManagedObject+CoreDataProperties.m */ = {isa = PBXFileReference; fileEncoding = 4; lastKnownFileType = sourcecode.c.objc; path = "FNSNewsItemManagedObject+CoreDataProperties.m"; sourceTree = "<group>"; };
		97D00FA01CDE31BF00B5372A /* FNSNewsItemManagedObject.h */ = {isa = PBXFileReference; fileEncoding = 4; lastKnownFileType = sourcecode.c.h; path = FNSNewsItemManagedObject.h; sourceTree = "<group>"; };
		97D00FA11CDE31BF00B5372A /* FNSNewsItemManagedObject.m */ = {isa = PBXFileReference; fileEncoding = 4; lastKnownFileType = sourcecode.c.objc; path = FNSNewsItemManagedObject.m; sourceTree = "<group>"; };
		97D00FA61CDE3A0300B5372A /* FNSMapperArrayTests.m */ = {isa = PBXFileReference; fileEncoding = 4; lastKnownFileType = sourcecode.c.objc; path = FNSMapperArrayTests.m; sourceTree = "<group>"; };
		97D00FAA1CDF0C2D00B5372A /* FNSNewsService.h */ = {isa = PBXFileReference; fileEncoding = 4; lastKnownFileType = sourcecode.c.h; path = FNSNewsService.h; sourceTree = "<group>"; };
		97D00FAB1CDF0C3A00B5372A /* FNSNewsServiceImplementation.h */ = {isa = PBXFileReference; fileEncoding = 4; lastKnownFileType = sourcecode.c.h; path = FNSNewsServiceImplementation.h; sourceTree = "<group>"; };
		97D00FAC1CDF0C3A00B5372A /* FNSNewsServiceImplementation.m */ = {isa = PBXFileReference; fileEncoding = 4; lastKnownFileType = sourcecode.c.objc; path = FNSNewsServiceImplementation.m; sourceTree = "<group>"; };
		97D00FB01CDF186700B5372A /* FNSNewsServiceTests.m */ = {isa = PBXFileReference; fileEncoding = 4; lastKnownFileType = sourcecode.c.objc; path = FNSNewsServiceTests.m; sourceTree = "<group>"; };
		97E4DC381CDF570B00E4683E /* FNSDateFormatter.h */ = {isa = PBXFileReference; fileEncoding = 4; lastKnownFileType = sourcecode.c.h; path = FNSDateFormatter.h; sourceTree = "<group>"; };
		97E4DC391CDF571900E4683E /* FNSDateFormatterImplementation.h */ = {isa = PBXFileReference; fileEncoding = 4; lastKnownFileType = sourcecode.c.h; path = FNSDateFormatterImplementation.h; sourceTree = "<group>"; };
		97E4DC3A1CDF571900E4683E /* FNSDateFormatterImplementation.m */ = {isa = PBXFileReference; fileEncoding = 4; lastKnownFileType = sourcecode.c.objc; path = FNSDateFormatterImplementation.m; sourceTree = "<group>"; };
		97E4DC3D1CDF583100E4683E /* FNSDateFormatterTests.m */ = {isa = PBXFileReference; fileEncoding = 4; lastKnownFileType = sourcecode.c.objc; path = FNSDateFormatterTests.m; sourceTree = "<group>"; };
		97E4DC401CDF5B5600E4683E /* FNSSourcesList.h */ = {isa = PBXFileReference; fileEncoding = 4; lastKnownFileType = sourcecode.c.h; path = FNSSourcesList.h; sourceTree = "<group>"; };
		97E4DC411CDF5B6E00E4683E /* FNSSourcesListImplementation.h */ = {isa = PBXFileReference; fileEncoding = 4; lastKnownFileType = sourcecode.c.h; path = FNSSourcesListImplementation.h; sourceTree = "<group>"; };
		97E4DC421CDF5B6E00E4683E /* FNSSourcesListImplementation.m */ = {isa = PBXFileReference; fileEncoding = 4; lastKnownFileType = sourcecode.c.objc; path = FNSSourcesListImplementation.m; sourceTree = "<group>"; };
		97E4DC451CDF5CB000E4683E /* FNSSourcesListTests.m */ = {isa = PBXFileReference; fileEncoding = 4; lastKnownFileType = sourcecode.c.objc; path = FNSSourcesListTests.m; sourceTree = "<group>"; };
		97E4DC481CDF608900E4683E /* FNSReachabilityTests.m */ = {isa = PBXFileReference; fileEncoding = 4; lastKnownFileType = sourcecode.c.objc; path = FNSReachabilityTests.m; sourceTree = "<group>"; };
		97E4DC4B1CDF60B300E4683E /* FNSReachability.h */ = {isa = PBXFileReference; fileEncoding = 4; lastKnownFileType = sourcecode.c.h; path = FNSReachability.h; sourceTree = "<group>"; };
		97E4DC4C1CDF60C900E4683E /* FNSReachabilityImplementation.h */ = {isa = PBXFileReference; fileEncoding = 4; lastKnownFileType = sourcecode.c.h; path = FNSReachabilityImplementation.h; sourceTree = "<group>"; };
		97E4DC4D1CDF60C900E4683E /* FNSReachabilityImplementation.m */ = {isa = PBXFileReference; fileEncoding = 4; lastKnownFileType = sourcecode.c.objc; path = FNSReachabilityImplementation.m; sourceTree = "<group>"; };
		97E4DC5E1CDF859400E4683E /* FNSNewsListPresenterTests.m */ = {isa = PBXFileReference; fileEncoding = 4; lastKnownFileType = sourcecode.c.objc; path = FNSNewsListPresenterTests.m; sourceTree = "<group>"; };
		97E4DC601CDF85A500E4683E /* FNSNewsListInteractorTests.m */ = {isa = PBXFileReference; fileEncoding = 4; lastKnownFileType = sourcecode.c.objc; path = FNSNewsListInteractorTests.m; sourceTree = "<group>"; };
		97E4DC621CDF85C400E4683E /* FNSNewsListRouterTests.m */ = {isa = PBXFileReference; fileEncoding = 4; lastKnownFileType = sourcecode.c.objc; path = FNSNewsListRouterTests.m; sourceTree = "<group>"; };
		97E4DC651CDF861400E4683E /* FNSNewsListViewControllerTests.m */ = {isa = PBXFileReference; fileEncoding = 4; lastKnownFileType = sourcecode.c.objc; path = FNSNewsListViewControllerTests.m; sourceTree = "<group>"; };
		97E4DC671CDF862800E4683E /* FNSNewsDetailViewControllerTests.m */ = {isa = PBXFileReference; fileEncoding = 4; lastKnownFileType = sourcecode.c.objc; path = FNSNewsDetailViewControllerTests.m; sourceTree = "<group>"; };
		97E4DC6B1CDF864600E4683E /* FNSNewsDetailInteractorTests.m */ = {isa = PBXFileReference; fileEncoding = 4; lastKnownFileType = sourcecode.c.objc; path = FNSNewsDetailInteractorTests.m; sourceTree = "<group>"; };
		97E4DC6D1CDF865400E4683E /* FNSNewsDetailPresenterTests.m */ = {isa = PBXFileReference; fileEncoding = 4; lastKnownFileType = sourcecode.c.objc; path = FNSNewsDetailPresenterTests.m; sourceTree = "<group>"; };
		97E4DC6F1CDF867600E4683E /* FNSNewsDetailPresenter.h */ = {isa = PBXFileReference; fileEncoding = 4; lastKnownFileType = sourcecode.c.h; path = FNSNewsDetailPresenter.h; sourceTree = "<group>"; };
		97E4DC701CDF867600E4683E /* FNSNewsDetailPresenter.m */ = {isa = PBXFileReference; fileEncoding = 4; lastKnownFileType = sourcecode.c.objc; path = FNSNewsDetailPresenter.m; sourceTree = "<group>"; };
		97E4DC721CDF86C500E4683E /* FNSNewsDetailInteractor.h */ = {isa = PBXFileReference; fileEncoding = 4; lastKnownFileType = sourcecode.c.h; path = FNSNewsDetailInteractor.h; sourceTree = "<group>"; };
		97E4DC731CDF86C500E4683E /* FNSNewsDetailInteractor.m */ = {isa = PBXFileReference; fileEncoding = 4; lastKnownFileType = sourcecode.c.objc; path = FNSNewsDetailInteractor.m; sourceTree = "<group>"; };
		97E4DC751CDF86D800E4683E /* FNSNewsListRouter.h */ = {isa = PBXFileReference; fileEncoding = 4; lastKnownFileType = sourcecode.c.h; path = FNSNewsListRouter.h; sourceTree = "<group>"; };
		97E4DC761CDF86D800E4683E /* FNSNewsListRouter.m */ = {isa = PBXFileReference; fileEncoding = 4; lastKnownFileType = sourcecode.c.objc; path = FNSNewsListRouter.m; sourceTree = "<group>"; };
		97E4DC781CDF86FB00E4683E /* FNSNewsDetailViewController.h */ = {isa = PBXFileReference; fileEncoding = 4; lastKnownFileType = sourcecode.c.h; path = FNSNewsDetailViewController.h; sourceTree = "<group>"; };
		97E4DC791CDF86FB00E4683E /* FNSNewsDetailViewController.m */ = {isa = PBXFileReference; fileEncoding = 4; lastKnownFileType = sourcecode.c.objc; path = FNSNewsDetailViewController.m; sourceTree = "<group>"; };
		97E4DC7B1CDF870D00E4683E /* FNSNewsListPresenter.h */ = {isa = PBXFileReference; fileEncoding = 4; lastKnownFileType = sourcecode.c.h; path = FNSNewsListPresenter.h; sourceTree = "<group>"; };
		97E4DC7C1CDF870D00E4683E /* FNSNewsListPresenter.m */ = {isa = PBXFileReference; fileEncoding = 4; lastKnownFileType = sourcecode.c.objc; path = FNSNewsListPresenter.m; sourceTree = "<group>"; };
		97E4DC7E1CDF871B00E4683E /* FNSNewsListInteractor.h */ = {isa = PBXFileReference; fileEncoding = 4; lastKnownFileType = sourcecode.c.h; path = FNSNewsListInteractor.h; sourceTree = "<group>"; };
		97E4DC7F1CDF871B00E4683E /* FNSNewsListInteractor.m */ = {isa = PBXFileReference; fileEncoding = 4; lastKnownFileType = sourcecode.c.objc; path = FNSNewsListInteractor.m; sourceTree = "<group>"; };
		97E4DC811CDF872A00E4683E /* FNSNewsListViewController.h */ = {isa = PBXFileReference; fileEncoding = 4; lastKnownFileType = sourcecode.c.h; path = FNSNewsListViewController.h; sourceTree = "<group>"; };
		97E4DC821CDF872A00E4683E /* FNSNewsListViewController.m */ = {isa = PBXFileReference; fileEncoding = 4; lastKnownFileType = sourcecode.c.objc; path = FNSNewsListViewController.m; sourceTree = "<group>"; };
		97E4DC841CDF884F00E4683E /* FNSNewsDetailInteractorInput.h */ = {isa = PBXFileReference; fileEncoding = 4; lastKnownFileType = sourcecode.c.h; path = FNSNewsDetailInteractorInput.h; sourceTree = "<group>"; };
		97E4DC861CDF9F7C00E4683E /* FNSNewsListInteractorInput.h */ = {isa = PBXFileReference; fileEncoding = 4; lastKnownFileType = sourcecode.c.h; path = FNSNewsListInteractorInput.h; sourceTree = "<group>"; };
		97E4DC871CDFB37700E4683E /* FNSNewsListRouterInput.h */ = {isa = PBXFileReference; fileEncoding = 4; lastKnownFileType = sourcecode.c.h; path = FNSNewsListRouterInput.h; sourceTree = "<group>"; };
		97E4DC881CDFB38B00E4683E /* FNSNewsListViewInput.h */ = {isa = PBXFileReference; fileEncoding = 4; lastKnownFileType = sourcecode.c.h; path = FNSNewsListViewInput.h; sourceTree = "<group>"; };
		97E4DC891CDFB39B00E4683E /* FNSNewsListViewOutput.h */ = {isa = PBXFileReference; fileEncoding = 4; lastKnownFileType = sourcecode.c.h; path = FNSNewsListViewOutput.h; sourceTree = "<group>"; };
		97E4DC8A1CDFBE0D00E4683E /* FNSNewsDetailPresenterInput.h */ = {isa = PBXFileReference; fileEncoding = 4; lastKnownFileType = sourcecode.c.h; path = FNSNewsDetailPresenterInput.h; sourceTree = "<group>"; };
		B918241879C925FFA4EB0B85 /* Pods-FastNewsTests.release.xcconfig */ = {isa = PBXFileReference; includeInIndex = 1; lastKnownFileType = text.xcconfig; name = "Pods-FastNewsTests.release.xcconfig"; path = "Pods/Target Support Files/Pods-FastNewsTests/Pods-FastNewsTests.release.xcconfig"; sourceTree = "<group>"; };
		CBBA40615985A119C993A790 /* Pods-FastNewsTests.debug.xcconfig */ = {isa = PBXFileReference; includeInIndex = 1; lastKnownFileType = text.xcconfig; name = "Pods-FastNewsTests.debug.xcconfig"; path = "Pods/Target Support Files/Pods-FastNewsTests/Pods-FastNewsTests.debug.xcconfig"; sourceTree = "<group>"; };
		F0E36A0F3DF31FEC0600D2C0 /* Pods.release.xcconfig */ = {isa = PBXFileReference; includeInIndex = 1; lastKnownFileType = text.xcconfig; name = Pods.release.xcconfig; path = "Pods/Target Support Files/Pods/Pods.release.xcconfig"; sourceTree = "<group>"; };
/* End PBXFileReference section */

/* Begin PBXFrameworksBuildPhase section */
		9743C9EB1CDC96CF00FA8D9A /* Frameworks */ = {
			isa = PBXFrameworksBuildPhase;
			buildActionMask = 2147483647;
			files = (
				9B8FC3AEFF98CA189FDAF274 /* libPods.a in Frameworks */,
			);
			runOnlyForDeploymentPostprocessing = 0;
		};
		9743CA041CDC96D000FA8D9A /* Frameworks */ = {
			isa = PBXFrameworksBuildPhase;
			buildActionMask = 2147483647;
			files = (
				E0ECE39505369FC4A971DE18 /* libPods-FastNewsTests.a in Frameworks */,
			);
			runOnlyForDeploymentPostprocessing = 0;
		};
		9743CA0F1CDC96D000FA8D9A /* Frameworks */ = {
			isa = PBXFrameworksBuildPhase;
			buildActionMask = 2147483647;
			files = (
			);
			runOnlyForDeploymentPostprocessing = 0;
		};
/* End PBXFrameworksBuildPhase section */

/* Begin PBXGroup section */
		38C8B84AD35DEA5CADE39423 /* Frameworks */ = {
			isa = PBXGroup;
			children = (
				806EF3C1FFBD7BD2EA1C5E95 /* libPods-FastNewsTests.a */,
				500E0A3AC9D70A15E797E76F /* libPods.a */,
			);
			name = Frameworks;
			sourceTree = "<group>";
		};
		5D40E1B9572975E2ECA79C42 /* Pods */ = {
			isa = PBXGroup;
			children = (
				CBBA40615985A119C993A790 /* Pods-FastNewsTests.debug.xcconfig */,
				B918241879C925FFA4EB0B85 /* Pods-FastNewsTests.release.xcconfig */,
				7081DDE8ECB40901812B471A /* Pods.debug.xcconfig */,
				F0E36A0F3DF31FEC0600D2C0 /* Pods.release.xcconfig */,
			);
			name = Pods;
			sourceTree = "<group>";
		};
		97273C9C1CDCEA3600B0A5E4 /* Models */ = {
			isa = PBXGroup;
			children = (
				97273CA21CDCEC2000B0A5E4 /* CoreData */,
				97273C9D1CDCEA5400B0A5E4 /* Objects */,
			);
			path = Models;
			sourceTree = "<group>";
		};
		97273C9D1CDCEA5400B0A5E4 /* Objects */ = {
			isa = PBXGroup;
			children = (
				97273CE11CDE08DA00B0A5E4 /* FNSNewsObject.h */,
				97273CE21CDE08DA00B0A5E4 /* FNSNewsObject.m */,
			);
			path = Objects;
			sourceTree = "<group>";
		};
		97273CA21CDCEC2000B0A5E4 /* CoreData */ = {
			isa = PBXGroup;
			children = (
				97D00F9D1CDE319600B5372A /* ManagedObjects */,
				97D00F9A1CDE315800B5372A /* FNSModel.xcdatamodeld */,
			);
			path = CoreData;
			sourceTree = "<group>";
		};
		97273CB01CDCED4C00B0A5E4 /* Classes */ = {
			isa = PBXGroup;
			children = (
				97D00FB21CDF1A7200B5372A /* ApplicationLayer */,
				97D00FA81CDF0C0600B5372A /* BusinessLogicLayer */,
				97273CC71CDE087900B0A5E4 /* CoreLayer */,
				97273C9C1CDCEA3600B0A5E4 /* Models */,
				97E4DC501CDF82DB00E4683E /* PresentationLayer */,
			);
			path = Classes;
			sourceTree = "<group>";
		};
		97273CC71CDE087900B0A5E4 /* CoreLayer */ = {
			isa = PBXGroup;
			children = (
				97E4DC371CDF56E000E4683E /* DateFormatter */,
				97D00F781CDE21AD00B5372A /* FNSMapper */,
				97273CC81CDE087900B0A5E4 /* FNSMultipleRSSReciever */,
				97273CCC1CDE087900B0A5E4 /* FNSRSSReciever */,
				97E4DC4A1CDF609000E4683E /* Reachability */,
				97E4DC3F1CDF5B3900E4683E /* SourceList */,
			);
			path = CoreLayer;
			sourceTree = "<group>";
		};
		97273CC81CDE087900B0A5E4 /* FNSMultipleRSSReciever */ = {
			isa = PBXGroup;
			children = (
				97273CC91CDE087900B0A5E4 /* FNSMultipleRSSReciever.h */,
				97273CCA1CDE087900B0A5E4 /* FNSMultipleRSSRecieverImplementation.h */,
				97273CCB1CDE087900B0A5E4 /* FNSMultipleRSSRecieverImplementation.m */,
			);
			path = FNSMultipleRSSReciever;
			sourceTree = "<group>";
		};
		97273CCC1CDE087900B0A5E4 /* FNSRSSReciever */ = {
			isa = PBXGroup;
			children = (
				97273CCD1CDE087900B0A5E4 /* FNSRSSReciever.h */,
				97273CCE1CDE087900B0A5E4 /* FNSRSSRecieverImplementation.h */,
				97273CCF1CDE087900B0A5E4 /* FNSRSSRecieverImplementation.m */,
			);
			path = FNSRSSReciever;
			sourceTree = "<group>";
		};
		97273CD21CDE088B00B0A5E4 /* CoreTests */ = {
			isa = PBXGroup;
			children = (
				97D00F8C1CDE257800B5372A /* MapperTests */,
				97273CD31CDE088B00B0A5E4 /* MultipleRSSRecieverTests */,
				97273CD51CDE088B00B0A5E4 /* RSSRecieverTests */,
				97E4DC471CDF605B00E4683E /* ReachabilityInternerConnection */,
				97E4DC441CDF5C9400E4683E /* SourcesList */,
			);
			path = CoreTests;
			sourceTree = "<group>";
		};
		97273CD31CDE088B00B0A5E4 /* MultipleRSSRecieverTests */ = {
			isa = PBXGroup;
			children = (
				97273CD41CDE088B00B0A5E4 /* FNSMultipleRSSRecieverTests.m */,
			);
			path = MultipleRSSRecieverTests;
			sourceTree = "<group>";
		};
		97273CD51CDE088B00B0A5E4 /* RSSRecieverTests */ = {
			isa = PBXGroup;
			children = (
				97273CD61CDE088B00B0A5E4 /* FNSRSSRecieverTests.m */,
			);
			path = RSSRecieverTests;
			sourceTree = "<group>";
		};
		9743C9E51CDC96CF00FA8D9A = {
			isa = PBXGroup;
			children = (
				9743C9F01CDC96CF00FA8D9A /* FastNews */,
				9743CA0A1CDC96D000FA8D9A /* FastNewsTests */,
				9743CA151CDC96D000FA8D9A /* FastNewsUITests */,
				38C8B84AD35DEA5CADE39423 /* Frameworks */,
				5D40E1B9572975E2ECA79C42 /* Pods */,
				9743C9EF1CDC96CF00FA8D9A /* Products */,
			);
			sourceTree = "<group>";
		};
		9743C9EF1CDC96CF00FA8D9A /* Products */ = {
			isa = PBXGroup;
			children = (
				9743C9EE1CDC96CF00FA8D9A /* FastNews.app */,
				9743CA071CDC96D000FA8D9A /* FastNewsTests.xctest */,
				9743CA121CDC96D000FA8D9A /* FastNewsUITests.xctest */,
			);
			name = Products;
			sourceTree = "<group>";
		};
		9743C9F01CDC96CF00FA8D9A /* FastNews */ = {
			isa = PBXGroup;
			children = (
				97273CB01CDCED4C00B0A5E4 /* Classes */,
				9743C9F11CDC96CF00FA8D9A /* Supporting Files */,
				9743C9F41CDC96CF00FA8D9A /* AppDelegate.h */,
				9743C9F51CDC96CF00FA8D9A /* AppDelegate.m */,
				9743C9FD1CDC96CF00FA8D9A /* Assets.xcassets */,
				9743CA021CDC96CF00FA8D9A /* Info.plist */,
				9743C9FF1CDC96CF00FA8D9A /* LaunchScreen.storyboard */,
				9743C9FA1CDC96CF00FA8D9A /* Main.storyboard */,
				9743C9F71CDC96CF00FA8D9A /* ViewController.h */,
				9743C9F81CDC96CF00FA8D9A /* ViewController.m */,
			);
			path = FastNews;
			sourceTree = "<group>";
		};
		9743C9F11CDC96CF00FA8D9A /* Supporting Files */ = {
			isa = PBXGroup;
			children = (
				9743C9F21CDC96CF00FA8D9A /* main.m */,
			);
			path = "Supporting Files";
			sourceTree = "<group>";
		};
		9743CA0A1CDC96D000FA8D9A /* FastNewsTests */ = {
			isa = PBXGroup;
			children = (
				97D00FAE1CDF181600B5372A /* BusinessLogicTests */,
				97273CD21CDE088B00B0A5E4 /* CoreTests */,
				97E4DC4F1CDF827200E4683E /* PresentationTests */,
				9743CA0D1CDC96D000FA8D9A /* Info.plist */,
			);
			path = FastNewsTests;
			sourceTree = "<group>";
		};
		9743CA151CDC96D000FA8D9A /* FastNewsUITests */ = {
			isa = PBXGroup;
			children = (
				9743CA161CDC96D000FA8D9A /* FastNewsUITests.m */,
				9743CA181CDC96D000FA8D9A /* Info.plist */,
			);
			path = FastNewsUITests;
			sourceTree = "<group>";
		};
		97D00F781CDE21AD00B5372A /* FNSMapper */ = {
			isa = PBXGroup;
			children = (
				97D00FA41CDE398E00B5372A /* MapperArray */,
				97D00F861CDE22E000B5372A /* MapperBNItemsToManagedObject */,
				97D00F891CDE230500B5372A /* MapperManagedObjectToNewsObject */,
				97D00F791CDE21CF00B5372A /* FNSMapper.h */,
			);
			path = FNSMapper;
			sourceTree = "<group>";
		};
		97D00F861CDE22E000B5372A /* MapperBNItemsToManagedObject */ = {
			isa = PBXGroup;
			children = (
				97D00F7D1CDE229000B5372A /* FNSMapperBNItemsToManagedObject.h */,
				97D00F7E1CDE229000B5372A /* FNSMapperBNItemsToManagedObject.m */,
			);
			path = MapperBNItemsToManagedObject;
			sourceTree = "<group>";
		};
		97D00F891CDE230500B5372A /* MapperManagedObjectToNewsObject */ = {
			isa = PBXGroup;
			children = (
				97D00F801CDE22A600B5372A /* FNSMapperManagedObjectToNewsObject.h */,
				97D00F811CDE22A600B5372A /* FNSMapperManagedObjectToNewsObject.m */,
			);
			path = MapperManagedObjectToNewsObject;
			sourceTree = "<group>";
		};
		97D00F8C1CDE257800B5372A /* MapperTests */ = {
			isa = PBXGroup;
			children = (
				97E4DC3C1CDF581C00E4683E /* DateFormatter */,
				97D00FA51CDE39BF00B5372A /* MapperArray */,
				97D00F8D1CDE257F00B5372A /* MapperBNItemsToManagedObject */,
				97D00F8E1CDE258100B5372A /* MapperManagedObjectToNewsObject */,
			);
			path = MapperTests;
			sourceTree = "<group>";
		};
		97D00F8D1CDE257F00B5372A /* MapperBNItemsToManagedObject */ = {
			isa = PBXGroup;
			children = (
				97D00F931CDE25C700B5372A /* FNSMapperBNItemsToManagedObjectTests.m */,
			);
			path = MapperBNItemsToManagedObject;
			sourceTree = "<group>";
		};
		97D00F8E1CDE258100B5372A /* MapperManagedObjectToNewsObject */ = {
			isa = PBXGroup;
			children = (
				97D00F8F1CDE25A600B5372A /* FNSMapperManagedObjectToNewsObjectTests.m */,
			);
			path = MapperManagedObjectToNewsObject;
			sourceTree = "<group>";
		};
		97D00F9D1CDE319600B5372A /* ManagedObjects */ = {
			isa = PBXGroup;
			children = (
				97D00F9E1CDE31BF00B5372A /* FNSNewsItemManagedObject+CoreDataProperties.h */,
				97D00F9F1CDE31BF00B5372A /* FNSNewsItemManagedObject+CoreDataProperties.m */,
				97D00FA01CDE31BF00B5372A /* FNSNewsItemManagedObject.h */,
				97D00FA11CDE31BF00B5372A /* FNSNewsItemManagedObject.m */,
			);
			path = ManagedObjects;
			sourceTree = "<group>";
		};
		97D00FA41CDE398E00B5372A /* MapperArray */ = {
			isa = PBXGroup;
			children = (
				97D00F831CDE22B900B5372A /* FNSMapperArrayObjects.h */,
				97D00F841CDE22B900B5372A /* FNSMapperArrayObjects.m */,
			);
			path = MapperArray;
			sourceTree = "<group>";
		};
		97D00FA51CDE39BF00B5372A /* MapperArray */ = {
			isa = PBXGroup;
			children = (
				97D00FA61CDE3A0300B5372A /* FNSMapperArrayTests.m */,
			);
			path = MapperArray;
			sourceTree = "<group>";
		};
		97D00FA81CDF0C0600B5372A /* BusinessLogicLayer */ = {
			isa = PBXGroup;
			children = (
				97D00FA91CDF0C1500B5372A /* NewsService */,
			);
			path = BusinessLogicLayer;
			sourceTree = "<group>";
		};
		97D00FA91CDF0C1500B5372A /* NewsService */ = {
			isa = PBXGroup;
			children = (
				97D00FAA1CDF0C2D00B5372A /* FNSNewsService.h */,
				97D00FAB1CDF0C3A00B5372A /* FNSNewsServiceImplementation.h */,
				97D00FAC1CDF0C3A00B5372A /* FNSNewsServiceImplementation.m */,
			);
			path = NewsService;
			sourceTree = "<group>";
		};
		97D00FAE1CDF181600B5372A /* BusinessLogicTests */ = {
			isa = PBXGroup;
			children = (
				97D00FAF1CDF184900B5372A /* NewsServiceTests */,
			);
			path = BusinessLogicTests;
			sourceTree = "<group>";
		};
		97D00FAF1CDF184900B5372A /* NewsServiceTests */ = {
			isa = PBXGroup;
			children = (
				97D00FB01CDF186700B5372A /* FNSNewsServiceTests.m */,
			);
			path = NewsServiceTests;
			sourceTree = "<group>";
		};
		97D00FB21CDF1A7200B5372A /* ApplicationLayer */ = {
			isa = PBXGroup;
			children = (
			);
			path = ApplicationLayer;
			sourceTree = "<group>";
		};
		97E4DC371CDF56E000E4683E /* DateFormatter */ = {
			isa = PBXGroup;
			children = (
				97E4DC381CDF570B00E4683E /* FNSDateFormatter.h */,
				97E4DC391CDF571900E4683E /* FNSDateFormatterImplementation.h */,
				97E4DC3A1CDF571900E4683E /* FNSDateFormatterImplementation.m */,
			);
			path = DateFormatter;
			sourceTree = "<group>";
		};
		97E4DC3C1CDF581C00E4683E /* DateFormatter */ = {
			isa = PBXGroup;
			children = (
				97E4DC3D1CDF583100E4683E /* FNSDateFormatterTests.m */,
			);
			path = DateFormatter;
			sourceTree = "<group>";
		};
		97E4DC3F1CDF5B3900E4683E /* SourceList */ = {
			isa = PBXGroup;
			children = (
				97E4DC401CDF5B5600E4683E /* FNSSourcesList.h */,
				97E4DC411CDF5B6E00E4683E /* FNSSourcesListImplementation.h */,
				97E4DC421CDF5B6E00E4683E /* FNSSourcesListImplementation.m */,
			);
			path = SourceList;
			sourceTree = "<group>";
		};
		97E4DC441CDF5C9400E4683E /* SourcesList */ = {
			isa = PBXGroup;
			children = (
				97E4DC451CDF5CB000E4683E /* FNSSourcesListTests.m */,
			);
			path = SourcesList;
			sourceTree = "<group>";
		};
		97E4DC471CDF605B00E4683E /* ReachabilityInternerConnection */ = {
			isa = PBXGroup;
			children = (
				97E4DC481CDF608900E4683E /* FNSReachabilityTests.m */,
			);
			path = ReachabilityInternerConnection;
			sourceTree = "<group>";
		};
		97E4DC4A1CDF609000E4683E /* Reachability */ = {
			isa = PBXGroup;
			children = (
				97E4DC4B1CDF60B300E4683E /* FNSReachability.h */,
				97E4DC4C1CDF60C900E4683E /* FNSReachabilityImplementation.h */,
				97E4DC4D1CDF60C900E4683E /* FNSReachabilityImplementation.m */,
			);
			path = Reachability;
			sourceTree = "<group>";
		};
		97E4DC4F1CDF827200E4683E /* PresentationTests */ = {
			isa = PBXGroup;
			children = (
				97E4DC5D1CDF83B000E4683E /* NewsDetail */,
				97E4DC5C1CDF83AB00E4683E /* NewsList */,
			);
			path = PresentationTests;
			sourceTree = "<group>";
		};
		97E4DC501CDF82DB00E4683E /* PresentationLayer */ = {
			isa = PBXGroup;
			children = (
				97E4DC511CDF82E400E4683E /* NewsDetail */,
				97E4DC521CDF82EB00E4683E /* NewsList */,
			);
			path = PresentationLayer;
			sourceTree = "<group>";
		};
		97E4DC511CDF82E400E4683E /* NewsDetail */ = {
			isa = PBXGroup;
			children = (
				97E4DC5B1CDF838000E4683E /* Assembly */,
				97E4DC551CDF835400E4683E /* Interactor */,
				97E4DC541CDF834F00E4683E /* Presenter */,
				97E4DC571CDF836800E4683E /* View */,
			);
			path = NewsDetail;
			sourceTree = "<group>";
		};
		97E4DC521CDF82EB00E4683E /* NewsList */ = {
			isa = PBXGroup;
			children = (
				97E4DC5A1CDF837B00E4683E /* Assembly */,
				97E4DC581CDF836E00E4683E /* Interactor */,
				97E4DC531CDF834400E4683E /* Presenter */,
				97E4DC561CDF835B00E4683E /* Router */,
				97E4DC591CDF837700E4683E /* View */,
			);
			path = NewsList;
			sourceTree = "<group>";
		};
		97E4DC531CDF834400E4683E /* Presenter */ = {
			isa = PBXGroup;
			children = (
				97E4DC7B1CDF870D00E4683E /* FNSNewsListPresenter.h */,
				97E4DC7C1CDF870D00E4683E /* FNSNewsListPresenter.m */,
			);
			path = Presenter;
			sourceTree = "<group>";
		};
		97E4DC541CDF834F00E4683E /* Presenter */ = {
			isa = PBXGroup;
			children = (
				97E4DC6F1CDF867600E4683E /* FNSNewsDetailPresenter.h */,
				97E4DC701CDF867600E4683E /* FNSNewsDetailPresenter.m */,
				97E4DC8A1CDFBE0D00E4683E /* FNSNewsDetailPresenterInput.h */,
			);
			path = Presenter;
			sourceTree = "<group>";
		};
		97E4DC551CDF835400E4683E /* Interactor */ = {
			isa = PBXGroup;
			children = (
				97E4DC721CDF86C500E4683E /* FNSNewsDetailInteractor.h */,
				97E4DC731CDF86C500E4683E /* FNSNewsDetailInteractor.m */,
				97E4DC841CDF884F00E4683E /* FNSNewsDetailInteractorInput.h */,
			);
			path = Interactor;
			sourceTree = "<group>";
		};
		97E4DC561CDF835B00E4683E /* Router */ = {
			isa = PBXGroup;
			children = (
				97E4DC751CDF86D800E4683E /* FNSNewsListRouter.h */,
				97E4DC761CDF86D800E4683E /* FNSNewsListRouter.m */,
				97E4DC871CDFB37700E4683E /* FNSNewsListRouterInput.h */,
			);
			path = Router;
			sourceTree = "<group>";
		};
		97E4DC571CDF836800E4683E /* View */ = {
			isa = PBXGroup;
			children = (
				97E4DC781CDF86FB00E4683E /* FNSNewsDetailViewController.h */,
				97E4DC791CDF86FB00E4683E /* FNSNewsDetailViewController.m */,
			);
			path = View;
			sourceTree = "<group>";
		};
		97E4DC581CDF836E00E4683E /* Interactor */ = {
			isa = PBXGroup;
			children = (
				97E4DC7E1CDF871B00E4683E /* FNSNewsListInteractor.h */,
				97E4DC7F1CDF871B00E4683E /* FNSNewsListInteractor.m */,
				97E4DC861CDF9F7C00E4683E /* FNSNewsListInteractorInput.h */,
			);
			path = Interactor;
			sourceTree = "<group>";
		};
		97E4DC591CDF837700E4683E /* View */ = {
			isa = PBXGroup;
			children = (
				97E4DC811CDF872A00E4683E /* FNSNewsListViewController.h */,
				97E4DC821CDF872A00E4683E /* FNSNewsListViewController.m */,
				97E4DC881CDFB38B00E4683E /* FNSNewsListViewInput.h */,
				97E4DC891CDFB39B00E4683E /* FNSNewsListViewOutput.h */,
			);
			path = View;
			sourceTree = "<group>";
		};
		97E4DC5A1CDF837B00E4683E /* Assembly */ = {
			isa = PBXGroup;
			children = (
			);
			path = Assembly;
			sourceTree = "<group>";
		};
		97E4DC5B1CDF838000E4683E /* Assembly */ = {
			isa = PBXGroup;
			children = (
			);
			path = Assembly;
			sourceTree = "<group>";
		};
		97E4DC5C1CDF83AB00E4683E /* NewsList */ = {
			isa = PBXGroup;
			children = (
				97E4DC601CDF85A500E4683E /* FNSNewsListInteractorTests.m */,
				97E4DC5E1CDF859400E4683E /* FNSNewsListPresenterTests.m */,
				97E4DC621CDF85C400E4683E /* FNSNewsListRouterTests.m */,
				97E4DC651CDF861400E4683E /* FNSNewsListViewControllerTests.m */,
			);
			path = NewsList;
			sourceTree = "<group>";
		};
		97E4DC5D1CDF83B000E4683E /* NewsDetail */ = {
			isa = PBXGroup;
			children = (
				97E4DC6B1CDF864600E4683E /* FNSNewsDetailInteractorTests.m */,
				97E4DC6D1CDF865400E4683E /* FNSNewsDetailPresenterTests.m */,
				97E4DC671CDF862800E4683E /* FNSNewsDetailViewControllerTests.m */,
			);
			path = NewsDetail;
			sourceTree = "<group>";
		};
/* End PBXGroup section */

/* Begin PBXNativeTarget section */
		9743C9ED1CDC96CF00FA8D9A /* FastNews */ = {
			isa = PBXNativeTarget;
			buildConfigurationList = 9743CA1B1CDC96D000FA8D9A /* Build configuration list for PBXNativeTarget "FastNews" */;
			buildPhases = (
				0ECA656D64D4B1C4F689CA34 /* Check Pods Manifest.lock */,
				9743C9EA1CDC96CF00FA8D9A /* Sources */,
				9743C9EB1CDC96CF00FA8D9A /* Frameworks */,
				9743C9EC1CDC96CF00FA8D9A /* Resources */,
				B3EE190B43CEE29DEACA5D71 /* Embed Pods Frameworks */,
				99160D129E925F3532363F4B /* Copy Pods Resources */,
			);
			buildRules = (
			);
			dependencies = (
			);
			name = FastNews;
			productName = FastNews;
			productReference = 9743C9EE1CDC96CF00FA8D9A /* FastNews.app */;
			productType = "com.apple.product-type.application";
		};
		9743CA061CDC96D000FA8D9A /* FastNewsTests */ = {
			isa = PBXNativeTarget;
			buildConfigurationList = 9743CA1E1CDC96D000FA8D9A /* Build configuration list for PBXNativeTarget "FastNewsTests" */;
			buildPhases = (
				398194A54EA8BEB2B025B31C /* Check Pods Manifest.lock */,
				9743CA031CDC96D000FA8D9A /* Sources */,
				9743CA041CDC96D000FA8D9A /* Frameworks */,
				9743CA051CDC96D000FA8D9A /* Resources */,
				5074BD08BFC757C906C1E646 /* Embed Pods Frameworks */,
				622E012100152947F31A21A3 /* Copy Pods Resources */,
			);
			buildRules = (
			);
			dependencies = (
				9743CA091CDC96D000FA8D9A /* PBXTargetDependency */,
			);
			name = FastNewsTests;
			productName = FastNewsTests;
			productReference = 9743CA071CDC96D000FA8D9A /* FastNewsTests.xctest */;
			productType = "com.apple.product-type.bundle.unit-test";
		};
		9743CA111CDC96D000FA8D9A /* FastNewsUITests */ = {
			isa = PBXNativeTarget;
			buildConfigurationList = 9743CA211CDC96D000FA8D9A /* Build configuration list for PBXNativeTarget "FastNewsUITests" */;
			buildPhases = (
				9743CA0E1CDC96D000FA8D9A /* Sources */,
				9743CA0F1CDC96D000FA8D9A /* Frameworks */,
				9743CA101CDC96D000FA8D9A /* Resources */,
			);
			buildRules = (
			);
			dependencies = (
				9743CA141CDC96D000FA8D9A /* PBXTargetDependency */,
			);
			name = FastNewsUITests;
			productName = FastNewsUITests;
			productReference = 9743CA121CDC96D000FA8D9A /* FastNewsUITests.xctest */;
			productType = "com.apple.product-type.bundle.ui-testing";
		};
/* End PBXNativeTarget section */

/* Begin PBXProject section */
		9743C9E61CDC96CF00FA8D9A /* Project object */ = {
			isa = PBXProject;
			attributes = {
				LastUpgradeCheck = 0730;
				ORGANIZATIONNAME = ConstZin;
				TargetAttributes = {
					9743C9ED1CDC96CF00FA8D9A = {
						CreatedOnToolsVersion = 7.3;
					};
					9743CA061CDC96D000FA8D9A = {
						CreatedOnToolsVersion = 7.3;
						TestTargetID = 9743C9ED1CDC96CF00FA8D9A;
					};
					9743CA111CDC96D000FA8D9A = {
						CreatedOnToolsVersion = 7.3;
						TestTargetID = 9743C9ED1CDC96CF00FA8D9A;
					};
				};
			};
			buildConfigurationList = 9743C9E91CDC96CF00FA8D9A /* Build configuration list for PBXProject "FastNews" */;
			compatibilityVersion = "Xcode 3.2";
			developmentRegion = English;
			hasScannedForEncodings = 0;
			knownRegions = (
				en,
				Base,
			);
			mainGroup = 9743C9E51CDC96CF00FA8D9A;
			productRefGroup = 9743C9EF1CDC96CF00FA8D9A /* Products */;
			projectDirPath = "";
			projectRoot = "";
			targets = (
				9743C9ED1CDC96CF00FA8D9A /* FastNews */,
				9743CA061CDC96D000FA8D9A /* FastNewsTests */,
				9743CA111CDC96D000FA8D9A /* FastNewsUITests */,
			);
		};
/* End PBXProject section */

/* Begin PBXResourcesBuildPhase section */
		9743C9EC1CDC96CF00FA8D9A /* Resources */ = {
			isa = PBXResourcesBuildPhase;
			buildActionMask = 2147483647;
			files = (
				9743CA011CDC96CF00FA8D9A /* LaunchScreen.storyboard in Resources */,
				9743C9FE1CDC96CF00FA8D9A /* Assets.xcassets in Resources */,
				9743C9FC1CDC96CF00FA8D9A /* Main.storyboard in Resources */,
			);
			runOnlyForDeploymentPostprocessing = 0;
		};
		9743CA051CDC96D000FA8D9A /* Resources */ = {
			isa = PBXResourcesBuildPhase;
			buildActionMask = 2147483647;
			files = (
			);
			runOnlyForDeploymentPostprocessing = 0;
		};
		9743CA101CDC96D000FA8D9A /* Resources */ = {
			isa = PBXResourcesBuildPhase;
			buildActionMask = 2147483647;
			files = (
			);
			runOnlyForDeploymentPostprocessing = 0;
		};
/* End PBXResourcesBuildPhase section */

/* Begin PBXShellScriptBuildPhase section */
		0ECA656D64D4B1C4F689CA34 /* Check Pods Manifest.lock */ = {
			isa = PBXShellScriptBuildPhase;
			buildActionMask = 2147483647;
			files = (
			);
			inputPaths = (
			);
			name = "Check Pods Manifest.lock";
			outputPaths = (
			);
			runOnlyForDeploymentPostprocessing = 0;
			shellPath = /bin/sh;
			shellScript = "diff \"${PODS_ROOT}/../Podfile.lock\" \"${PODS_ROOT}/Manifest.lock\" > /dev/null\nif [[ $? != 0 ]] ; then\n    cat << EOM\nerror: The sandbox is not in sync with the Podfile.lock. Run 'pod install' or update your CocoaPods installation.\nEOM\n    exit 1\nfi\n";
			showEnvVarsInLog = 0;
		};
		398194A54EA8BEB2B025B31C /* Check Pods Manifest.lock */ = {
			isa = PBXShellScriptBuildPhase;
			buildActionMask = 2147483647;
			files = (
			);
			inputPaths = (
			);
			name = "Check Pods Manifest.lock";
			outputPaths = (
			);
			runOnlyForDeploymentPostprocessing = 0;
			shellPath = /bin/sh;
			shellScript = "diff \"${PODS_ROOT}/../Podfile.lock\" \"${PODS_ROOT}/Manifest.lock\" > /dev/null\nif [[ $? != 0 ]] ; then\n    cat << EOM\nerror: The sandbox is not in sync with the Podfile.lock. Run 'pod install' or update your CocoaPods installation.\nEOM\n    exit 1\nfi\n";
			showEnvVarsInLog = 0;
		};
		5074BD08BFC757C906C1E646 /* Embed Pods Frameworks */ = {
			isa = PBXShellScriptBuildPhase;
			buildActionMask = 2147483647;
			files = (
			);
			inputPaths = (
			);
			name = "Embed Pods Frameworks";
			outputPaths = (
			);
			runOnlyForDeploymentPostprocessing = 0;
			shellPath = /bin/sh;
			shellScript = "\"${SRCROOT}/Pods/Target Support Files/Pods-FastNewsTests/Pods-FastNewsTests-frameworks.sh\"\n";
			showEnvVarsInLog = 0;
		};
		622E012100152947F31A21A3 /* Copy Pods Resources */ = {
			isa = PBXShellScriptBuildPhase;
			buildActionMask = 2147483647;
			files = (
			);
			inputPaths = (
			);
			name = "Copy Pods Resources";
			outputPaths = (
			);
			runOnlyForDeploymentPostprocessing = 0;
			shellPath = /bin/sh;
			shellScript = "\"${SRCROOT}/Pods/Target Support Files/Pods-FastNewsTests/Pods-FastNewsTests-resources.sh\"\n";
			showEnvVarsInLog = 0;
		};
		99160D129E925F3532363F4B /* Copy Pods Resources */ = {
			isa = PBXShellScriptBuildPhase;
			buildActionMask = 2147483647;
			files = (
			);
			inputPaths = (
			);
			name = "Copy Pods Resources";
			outputPaths = (
			);
			runOnlyForDeploymentPostprocessing = 0;
			shellPath = /bin/sh;
			shellScript = "\"${SRCROOT}/Pods/Target Support Files/Pods/Pods-resources.sh\"\n";
			showEnvVarsInLog = 0;
		};
		B3EE190B43CEE29DEACA5D71 /* Embed Pods Frameworks */ = {
			isa = PBXShellScriptBuildPhase;
			buildActionMask = 2147483647;
			files = (
			);
			inputPaths = (
			);
			name = "Embed Pods Frameworks";
			outputPaths = (
			);
			runOnlyForDeploymentPostprocessing = 0;
			shellPath = /bin/sh;
			shellScript = "\"${SRCROOT}/Pods/Target Support Files/Pods/Pods-frameworks.sh\"\n";
			showEnvVarsInLog = 0;
		};
/* End PBXShellScriptBuildPhase section */

/* Begin PBXSourcesBuildPhase section */
		9743C9EA1CDC96CF00FA8D9A /* Sources */ = {
			isa = PBXSourcesBuildPhase;
			buildActionMask = 2147483647;
			files = (
				97273CE31CDE08DA00B0A5E4 /* FNSNewsObject.m in Sources */,
				97273CD11CDE087900B0A5E4 /* FNSRSSRecieverImplementation.m in Sources */,
				97D00FA21CDE31BF00B5372A /* FNSNewsItemManagedObject+CoreDataProperties.m in Sources */,
				97D00F7F1CDE229000B5372A /* FNSMapperBNItemsToManagedObject.m in Sources */,
				9743C9F91CDC96CF00FA8D9A /* ViewController.m in Sources */,
				97D00FAD1CDF0C3A00B5372A /* FNSNewsServiceImplementation.m in Sources */,
				97E4DC7A1CDF86FB00E4683E /* FNSNewsDetailViewController.m in Sources */,
				97E4DC801CDF871B00E4683E /* FNSNewsListInteractor.m in Sources */,
				97D00F821CDE22A600B5372A /* FNSMapperManagedObjectToNewsObject.m in Sources */,
				97D00FA31CDE31BF00B5372A /* FNSNewsItemManagedObject.m in Sources */,
				97E4DC4E1CDF60C900E4683E /* FNSReachabilityImplementation.m in Sources */,
				97E4DC771CDF86D800E4683E /* FNSNewsListRouter.m in Sources */,
				97E4DC711CDF867600E4683E /* FNSNewsDetailPresenter.m in Sources */,
				97E4DC431CDF5B6E00E4683E /* FNSSourcesListImplementation.m in Sources */,
				97E4DC3B1CDF571900E4683E /* FNSDateFormatterImplementation.m in Sources */,
				97E4DC831CDF872A00E4683E /* FNSNewsListViewController.m in Sources */,
				97E4DC741CDF86C500E4683E /* FNSNewsDetailInteractor.m in Sources */,
				97D00F851CDE22B900B5372A /* FNSMapperArrayObjects.m in Sources */,
				97E4DC7D1CDF870D00E4683E /* FNSNewsListPresenter.m in Sources */,
				9743C9F61CDC96CF00FA8D9A /* AppDelegate.m in Sources */,
				9743C9F31CDC96CF00FA8D9A /* main.m in Sources */,
				97273CD01CDE087900B0A5E4 /* FNSMultipleRSSRecieverImplementation.m in Sources */,
				97D00F9C1CDE315800B5372A /* FNSModel.xcdatamodeld in Sources */,
			);
			runOnlyForDeploymentPostprocessing = 0;
		};
		9743CA031CDC96D000FA8D9A /* Sources */ = {
			isa = PBXSourcesBuildPhase;
			buildActionMask = 2147483647;
			files = (
				97E4DC3E1CDF583100E4683E /* FNSDateFormatterTests.m in Sources */,
				97D00F941CDE25C700B5372A /* FNSMapperBNItemsToManagedObjectTests.m in Sources */,
				97E4DC491CDF608900E4683E /* FNSReachabilityTests.m in Sources */,
				97E4DC661CDF861400E4683E /* FNSNewsListViewControllerTests.m in Sources */,
				97E4DC681CDF862800E4683E /* FNSNewsDetailViewControllerTests.m in Sources */,
				97E4DC631CDF85C400E4683E /* FNSNewsListRouterTests.m in Sources */,
				97E4DC461CDF5CB000E4683E /* FNSSourcesListTests.m in Sources */,
				97E4DC6E1CDF865400E4683E /* FNSNewsDetailPresenterTests.m in Sources */,
				97D00F901CDE25A600B5372A /* FNSMapperManagedObjectToNewsObjectTests.m in Sources */,
				97273CD71CDE088B00B0A5E4 /* FNSMultipleRSSRecieverTests.m in Sources */,
				97D00FA71CDE3A0300B5372A /* FNSMapperArrayTests.m in Sources */,
				97E4DC5F1CDF859400E4683E /* FNSNewsListPresenterTests.m in Sources */,
				97273CD81CDE088B00B0A5E4 /* FNSRSSRecieverTests.m in Sources */,
				97E4DC611CDF85A500E4683E /* FNSNewsListInteractorTests.m in Sources */,
				97D00FB11CDF186700B5372A /* FNSNewsServiceTests.m in Sources */,
				97E4DC6C1CDF864600E4683E /* FNSNewsDetailInteractorTests.m in Sources */,
			);
			runOnlyForDeploymentPostprocessing = 0;
		};
		9743CA0E1CDC96D000FA8D9A /* Sources */ = {
			isa = PBXSourcesBuildPhase;
			buildActionMask = 2147483647;
			files = (
				9743CA171CDC96D000FA8D9A /* FastNewsUITests.m in Sources */,
			);
			runOnlyForDeploymentPostprocessing = 0;
		};
/* End PBXSourcesBuildPhase section */

/* Begin PBXTargetDependency section */
		9743CA091CDC96D000FA8D9A /* PBXTargetDependency */ = {
			isa = PBXTargetDependency;
			target = 9743C9ED1CDC96CF00FA8D9A /* FastNews */;
			targetProxy = 9743CA081CDC96D000FA8D9A /* PBXContainerItemProxy */;
		};
		9743CA141CDC96D000FA8D9A /* PBXTargetDependency */ = {
			isa = PBXTargetDependency;
			target = 9743C9ED1CDC96CF00FA8D9A /* FastNews */;
			targetProxy = 9743CA131CDC96D000FA8D9A /* PBXContainerItemProxy */;
		};
/* End PBXTargetDependency section */

/* Begin PBXVariantGroup section */
		9743C9FA1CDC96CF00FA8D9A /* Main.storyboard */ = {
			isa = PBXVariantGroup;
			children = (
				9743C9FB1CDC96CF00FA8D9A /* Base */,
			);
			name = Main.storyboard;
			path = .;
			sourceTree = "<group>";
		};
		9743C9FF1CDC96CF00FA8D9A /* LaunchScreen.storyboard */ = {
			isa = PBXVariantGroup;
			children = (
				9743CA001CDC96CF00FA8D9A /* Base */,
			);
			name = LaunchScreen.storyboard;
			path = .;
			sourceTree = "<group>";
		};
/* End PBXVariantGroup section */

/* Begin XCBuildConfiguration section */
		9743CA191CDC96D000FA8D9A /* Debug */ = {
			isa = XCBuildConfiguration;
			buildSettings = {
				ALWAYS_SEARCH_USER_PATHS = NO;
				CLANG_ANALYZER_NONNULL = YES;
				CLANG_CXX_LANGUAGE_STANDARD = "gnu++0x";
				CLANG_CXX_LIBRARY = "libc++";
				CLANG_ENABLE_MODULES = YES;
				CLANG_ENABLE_OBJC_ARC = YES;
				CLANG_WARN_BOOL_CONVERSION = YES;
				CLANG_WARN_CONSTANT_CONVERSION = YES;
				CLANG_WARN_DIRECT_OBJC_ISA_USAGE = YES_ERROR;
				CLANG_WARN_EMPTY_BODY = YES;
				CLANG_WARN_ENUM_CONVERSION = YES;
				CLANG_WARN_INT_CONVERSION = YES;
				CLANG_WARN_OBJC_ROOT_CLASS = YES_ERROR;
				CLANG_WARN_UNREACHABLE_CODE = YES;
				CLANG_WARN__DUPLICATE_METHOD_MATCH = YES;
				"CODE_SIGN_IDENTITY[sdk=iphoneos*]" = "iPhone Developer";
				COPY_PHASE_STRIP = NO;
				DEBUG_INFORMATION_FORMAT = dwarf;
				ENABLE_STRICT_OBJC_MSGSEND = YES;
				ENABLE_TESTABILITY = YES;
				GCC_C_LANGUAGE_STANDARD = gnu99;
				GCC_DYNAMIC_NO_PIC = NO;
				GCC_NO_COMMON_BLOCKS = YES;
				GCC_OPTIMIZATION_LEVEL = 0;
				GCC_PREPROCESSOR_DEFINITIONS = (
					"DEBUG=1",
					"$(inherited)",
				);
				GCC_WARN_64_TO_32_BIT_CONVERSION = YES;
				GCC_WARN_ABOUT_RETURN_TYPE = YES_ERROR;
				GCC_WARN_UNDECLARED_SELECTOR = YES;
				GCC_WARN_UNINITIALIZED_AUTOS = YES_AGGRESSIVE;
				GCC_WARN_UNUSED_FUNCTION = YES;
				GCC_WARN_UNUSED_VARIABLE = YES;
				IPHONEOS_DEPLOYMENT_TARGET = 9.3;
				MTL_ENABLE_DEBUG_INFO = YES;
				ONLY_ACTIVE_ARCH = YES;
				SDKROOT = iphoneos;
			};
			name = Debug;
		};
		9743CA1A1CDC96D000FA8D9A /* Release */ = {
			isa = XCBuildConfiguration;
			buildSettings = {
				ALWAYS_SEARCH_USER_PATHS = NO;
				CLANG_ANALYZER_NONNULL = YES;
				CLANG_CXX_LANGUAGE_STANDARD = "gnu++0x";
				CLANG_CXX_LIBRARY = "libc++";
				CLANG_ENABLE_MODULES = YES;
				CLANG_ENABLE_OBJC_ARC = YES;
				CLANG_WARN_BOOL_CONVERSION = YES;
				CLANG_WARN_CONSTANT_CONVERSION = YES;
				CLANG_WARN_DIRECT_OBJC_ISA_USAGE = YES_ERROR;
				CLANG_WARN_EMPTY_BODY = YES;
				CLANG_WARN_ENUM_CONVERSION = YES;
				CLANG_WARN_INT_CONVERSION = YES;
				CLANG_WARN_OBJC_ROOT_CLASS = YES_ERROR;
				CLANG_WARN_UNREACHABLE_CODE = YES;
				CLANG_WARN__DUPLICATE_METHOD_MATCH = YES;
				"CODE_SIGN_IDENTITY[sdk=iphoneos*]" = "iPhone Developer";
				COPY_PHASE_STRIP = NO;
				DEBUG_INFORMATION_FORMAT = "dwarf-with-dsym";
				ENABLE_NS_ASSERTIONS = NO;
				ENABLE_STRICT_OBJC_MSGSEND = YES;
				GCC_C_LANGUAGE_STANDARD = gnu99;
				GCC_NO_COMMON_BLOCKS = YES;
				GCC_WARN_64_TO_32_BIT_CONVERSION = YES;
				GCC_WARN_ABOUT_RETURN_TYPE = YES_ERROR;
				GCC_WARN_UNDECLARED_SELECTOR = YES;
				GCC_WARN_UNINITIALIZED_AUTOS = YES_AGGRESSIVE;
				GCC_WARN_UNUSED_FUNCTION = YES;
				GCC_WARN_UNUSED_VARIABLE = YES;
				IPHONEOS_DEPLOYMENT_TARGET = 9.3;
				MTL_ENABLE_DEBUG_INFO = NO;
				SDKROOT = iphoneos;
				VALIDATE_PRODUCT = YES;
			};
			name = Release;
		};
		9743CA1C1CDC96D000FA8D9A /* Debug */ = {
			isa = XCBuildConfiguration;
			baseConfigurationReference = 7081DDE8ECB40901812B471A /* Pods.debug.xcconfig */;
			buildSettings = {
				ASSETCATALOG_COMPILER_APPICON_NAME = AppIcon;
				INFOPLIST_FILE = FastNews/Info.plist;
				LD_RUNPATH_SEARCH_PATHS = "$(inherited) @executable_path/Frameworks";
				PRODUCT_BUNDLE_IDENTIFIER = ConstZin.FastNews;
				PRODUCT_NAME = "$(TARGET_NAME)";
			};
			name = Debug;
		};
		9743CA1D1CDC96D000FA8D9A /* Release */ = {
			isa = XCBuildConfiguration;
			baseConfigurationReference = F0E36A0F3DF31FEC0600D2C0 /* Pods.release.xcconfig */;
			buildSettings = {
				ASSETCATALOG_COMPILER_APPICON_NAME = AppIcon;
				INFOPLIST_FILE = FastNews/Info.plist;
				LD_RUNPATH_SEARCH_PATHS = "$(inherited) @executable_path/Frameworks";
				PRODUCT_BUNDLE_IDENTIFIER = ConstZin.FastNews;
				PRODUCT_NAME = "$(TARGET_NAME)";
			};
			name = Release;
		};
		9743CA1F1CDC96D000FA8D9A /* Debug */ = {
			isa = XCBuildConfiguration;
			baseConfigurationReference = CBBA40615985A119C993A790 /* Pods-FastNewsTests.debug.xcconfig */;
			buildSettings = {
				BUNDLE_LOADER = "$(TEST_HOST)";
				INFOPLIST_FILE = FastNewsTests/Info.plist;
				LD_RUNPATH_SEARCH_PATHS = "$(inherited) @executable_path/Frameworks @loader_path/Frameworks";
				PRODUCT_BUNDLE_IDENTIFIER = ConstZin.FastNewsTests;
				PRODUCT_NAME = "$(TARGET_NAME)";
				TEST_HOST = "$(BUILT_PRODUCTS_DIR)/FastNews.app/FastNews";
			};
			name = Debug;
		};
		9743CA201CDC96D000FA8D9A /* Release */ = {
			isa = XCBuildConfiguration;
			baseConfigurationReference = B918241879C925FFA4EB0B85 /* Pods-FastNewsTests.release.xcconfig */;
			buildSettings = {
				BUNDLE_LOADER = "$(TEST_HOST)";
				INFOPLIST_FILE = FastNewsTests/Info.plist;
				LD_RUNPATH_SEARCH_PATHS = "$(inherited) @executable_path/Frameworks @loader_path/Frameworks";
				PRODUCT_BUNDLE_IDENTIFIER = ConstZin.FastNewsTests;
				PRODUCT_NAME = "$(TARGET_NAME)";
				TEST_HOST = "$(BUILT_PRODUCTS_DIR)/FastNews.app/FastNews";
			};
			name = Release;
		};
		9743CA221CDC96D000FA8D9A /* Debug */ = {
			isa = XCBuildConfiguration;
			buildSettings = {
				INFOPLIST_FILE = FastNewsUITests/Info.plist;
				LD_RUNPATH_SEARCH_PATHS = "$(inherited) @executable_path/Frameworks @loader_path/Frameworks";
				PRODUCT_BUNDLE_IDENTIFIER = ConstZin.FastNewsUITests;
				PRODUCT_NAME = "$(TARGET_NAME)";
				TEST_TARGET_NAME = FastNews;
			};
			name = Debug;
		};
		9743CA231CDC96D000FA8D9A /* Release */ = {
			isa = XCBuildConfiguration;
			buildSettings = {
				INFOPLIST_FILE = FastNewsUITests/Info.plist;
				LD_RUNPATH_SEARCH_PATHS = "$(inherited) @executable_path/Frameworks @loader_path/Frameworks";
				PRODUCT_BUNDLE_IDENTIFIER = ConstZin.FastNewsUITests;
				PRODUCT_NAME = "$(TARGET_NAME)";
				TEST_TARGET_NAME = FastNews;
			};
			name = Release;
		};
/* End XCBuildConfiguration section */

/* Begin XCConfigurationList section */
		9743C9E91CDC96CF00FA8D9A /* Build configuration list for PBXProject "FastNews" */ = {
			isa = XCConfigurationList;
			buildConfigurations = (
				9743CA191CDC96D000FA8D9A /* Debug */,
				9743CA1A1CDC96D000FA8D9A /* Release */,
			);
			defaultConfigurationIsVisible = 0;
			defaultConfigurationName = Release;
		};
		9743CA1B1CDC96D000FA8D9A /* Build configuration list for PBXNativeTarget "FastNews" */ = {
			isa = XCConfigurationList;
			buildConfigurations = (
				9743CA1C1CDC96D000FA8D9A /* Debug */,
				9743CA1D1CDC96D000FA8D9A /* Release */,
			);
			defaultConfigurationIsVisible = 0;
			defaultConfigurationName = Release;
		};
		9743CA1E1CDC96D000FA8D9A /* Build configuration list for PBXNativeTarget "FastNewsTests" */ = {
			isa = XCConfigurationList;
			buildConfigurations = (
				9743CA1F1CDC96D000FA8D9A /* Debug */,
				9743CA201CDC96D000FA8D9A /* Release */,
			);
			defaultConfigurationIsVisible = 0;
			defaultConfigurationName = Release;
		};
		9743CA211CDC96D000FA8D9A /* Build configuration list for PBXNativeTarget "FastNewsUITests" */ = {
			isa = XCConfigurationList;
			buildConfigurations = (
				9743CA221CDC96D000FA8D9A /* Debug */,
				9743CA231CDC96D000FA8D9A /* Release */,
			);
			defaultConfigurationIsVisible = 0;
			defaultConfigurationName = Release;
		};
/* End XCConfigurationList section */

/* Begin XCVersionGroup section */
		97D00F9A1CDE315800B5372A /* FNSModel.xcdatamodeld */ = {
			isa = XCVersionGroup;
			children = (
				97D00F9B1CDE315800B5372A /* FNSModel.xcdatamodel */,
			);
			currentVersion = 97D00F9B1CDE315800B5372A /* FNSModel.xcdatamodel */;
			path = FNSModel.xcdatamodeld;
			sourceTree = "<group>";
			versionGroupType = wrapper.xcdatamodel;
		};
/* End XCVersionGroup section */
	};
	rootObject = 9743C9E61CDC96CF00FA8D9A /* Project object */;
}
